
Microsoft Visual Studio Solution File, Format Version 12.00
# Visual Studio Version 17
VisualStudioVersion = 17.14.36301.6 d17.14
MinimumVisualStudioVersion = 10.0.40219.1
Project("{FAE04EC0-301F-11D3-BF4B-00C04F79EFBC}") = "CalcThirteen.Browser", "CalcThirteen.Browser\CalcThirteen.Browser.csproj", "{1752C22F-B9E3-41B6-0CE0-645532F3B51D}"
EndProject
Project("{FAE04EC0-301F-11D3-BF4B-00C04F79EFBC}") = "CalcThirteen.Desktop", "CalcThirteen.Desktop\CalcThirteen.Desktop.csproj", "{76D68FA6-E25E-CD5D-D830-7DEF07D2A974}"
EndProject
Project("{FAE04EC0-301F-11D3-BF4B-00C04F79EFBC}") = "CalcThirteen", "CalcThirteen\CalcThirteen.csproj", "{821491F5-33EC-8A5E-BBEA-640ADCFE84BA}"
EndProject
Global
	GlobalSection(SolutionConfigurationPlatforms) = preSolution
		Debug|Any CPU = Debug|Any CPU
		Release|Any CPU = Release|Any CPU
	EndGlobalSection
	GlobalSection(ProjectConfigurationPlatforms) = postSolution
		{1752C22F-B9E3-41B6-0CE0-645532F3B51D}.Debug|Any CPU.ActiveCfg = Debug|Any CPU
		{1752C22F-B9E3-41B6-0CE0-645532F3B51D}.Debug|Any CPU.Build.0 = Debug|Any CPU
		{1752C22F-B9E3-41B6-0CE0-645532F3B51D}.Release|Any CPU.ActiveCfg = Release|Any CPU
		{1752C22F-B9E3-41B6-0CE0-645532F3B51D}.Release|Any CPU.Build.0 = Release|Any CPU
		{76D68FA6-E25E-CD5D-D830-7DEF07D2A974}.Debug|Any CPU.ActiveCfg = Debug|Any CPU
		{76D68FA6-E25E-CD5D-D830-7DEF07D2A974}.Debug|Any CPU.Build.0 = Debug|Any CPU
		{76D68FA6-E25E-CD5D-D830-7DEF07D2A974}.Release|Any CPU.ActiveCfg = Release|Any CPU
		{76D68FA6-E25E-CD5D-D830-7DEF07D2A974}.Release|Any CPU.Build.0 = Release|Any CPU
		{821491F5-33EC-8A5E-BBEA-640ADCFE84BA}.Debug|Any CPU.ActiveCfg = Debug|Any CPU
		{821491F5-33EC-8A5E-BBEA-640ADCFE84BA}.Debug|Any CPU.Build.0 = Debug|Any CPU
		{821491F5-33EC-8A5E-BBEA-640ADCFE84BA}.Release|Any CPU.ActiveCfg = Release|Any CPU
		{821491F5-33EC-8A5E-BBEA-640ADCFE84BA}.Release|Any CPU.Build.0 = Release|Any CPU
	EndGlobalSection
	GlobalSection(SolutionProperties) = preSolution
		HideSolutionNode = FALSE
	EndGlobalSection
	GlobalSection(ExtensibilityGlobals) = postSolution
		SolutionGuid = {00C0D3FF-0AA3-4B95-B5BC-E17589707C4B}
	EndGlobalSection
EndGlobal
